// !$*UTF8*$!
{
	archiveVersion = 1;
	classes = {
	};
	objectVersion = 50;
	objects = {

/* Begin PBXBuildFile section */
		93A2577125DC2AAC00A1800D /* BookmarkViewController.swift in Sources */ = {isa = PBXBuildFile; fileRef = 93A2577025DC2AAC00A1800D /* BookmarkViewController.swift */; };
		93A2577325DC2B8400A1800D /* BookmarkViewController.xib in Resources */ = {isa = PBXBuildFile; fileRef = 93A2577225DC2B8400A1800D /* BookmarkViewController.xib */; };
		93DC6D2F25DBE9C1001DE95A /* AppDelegate.swift in Sources */ = {isa = PBXBuildFile; fileRef = 93DC6D2E25DBE9C1001DE95A /* AppDelegate.swift */; };
		93DC6D3525DBE9C8001DE95A /* Assets.xcassets in Resources */ = {isa = PBXBuildFile; fileRef = 93DC6D3425DBE9C8001DE95A /* Assets.xcassets */; };
		93DC6D3B25DBE9C8001DE95A /* LaunchScreen.storyboard in Resources */ = {isa = PBXBuildFile; fileRef = 93DC6D3925DBE9C8001DE95A /* LaunchScreen.storyboard */; };
		93DC6D4625DBE9C8001DE95A /* AlbumListTests.swift in Sources */ = {isa = PBXBuildFile; fileRef = 93DC6D4525DBE9C8001DE95A /* AlbumListTests.swift */; };
		93DC6D5125DBE9C8001DE95A /* AlbumListUITests.swift in Sources */ = {isa = PBXBuildFile; fileRef = 93DC6D5025DBE9C8001DE95A /* AlbumListUITests.swift */; };
		93DC6D5F25DBEBD7001DE95A /* MainViewController.swift in Sources */ = {isa = PBXBuildFile; fileRef = 93DC6D5E25DBEBD7001DE95A /* MainViewController.swift */; };
		93DC6D6125DBEBEA001DE95A /* MainViewController.xib in Resources */ = {isa = PBXBuildFile; fileRef = 93DC6D6025DBEBEA001DE95A /* MainViewController.xib */; };
		93DC6D6325DBEECE001DE95A /* source.txt in Resources */ = {isa = PBXBuildFile; fileRef = 93DC6D6225DBEECE001DE95A /* source.txt */; };
		93DC6D6525DBF12E001DE95A /* Album.swift in Sources */ = {isa = PBXBuildFile; fileRef = 93DC6D6425DBF12E001DE95A /* Album.swift */; };
		93DC6D6725DBF3BE001DE95A /* UserDefaultsBookmark.swift in Sources */ = {isa = PBXBuildFile; fileRef = 93DC6D6625DBF3BE001DE95A /* UserDefaultsBookmark.swift */; };
		93DC6D6E25DC04BB001DE95A /* ListTableViewCell.swift in Sources */ = {isa = PBXBuildFile; fileRef = 93DC6D6D25DC04BB001DE95A /* ListTableViewCell.swift */; };
		93DC6D7025DC04CA001DE95A /* ListTableViewCell.xib in Resources */ = {isa = PBXBuildFile; fileRef = 93DC6D6F25DC04CA001DE95A /* ListTableViewCell.xib */; };
		93DC6D7325DC0E98001DE95A /* DetailViewController.xib in Resources */ = {isa = PBXBuildFile; fileRef = 93DC6D7225DC0E98001DE95A /* DetailViewController.xib */; };
		93DC6D7525DC10BC001DE95A /* DetailViewController.swift in Sources */ = {isa = PBXBuildFile; fileRef = 93DC6D7425DC10BC001DE95A /* DetailViewController.swift */; };
/* End PBXBuildFile section */

/* Begin PBXContainerItemProxy section */
		93DC6D4225DBE9C8001DE95A /* PBXContainerItemProxy */ = {
			isa = PBXContainerItemProxy;
			containerPortal = 93DC6D2325DBE9C1001DE95A /* Project object */;
			proxyType = 1;
			remoteGlobalIDString = 93DC6D2A25DBE9C1001DE95A;
			remoteInfo = AlbumList;
		};
		93DC6D4D25DBE9C8001DE95A /* PBXContainerItemProxy */ = {
			isa = PBXContainerItemProxy;
			containerPortal = 93DC6D2325DBE9C1001DE95A /* Project object */;
			proxyType = 1;
			remoteGlobalIDString = 93DC6D2A25DBE9C1001DE95A;
			remoteInfo = AlbumList;
		};
/* End PBXContainerItemProxy section */

/* Begin PBXFileReference section */
		93A2577025DC2AAC00A1800D /* BookmarkViewController.swift */ = {isa = PBXFileReference; lastKnownFileType = sourcecode.swift; path = BookmarkViewController.swift; sourceTree = "<group>"; };
		93A2577225DC2B8400A1800D /* BookmarkViewController.xib */ = {isa = PBXFileReference; lastKnownFileType = file.xib; path = BookmarkViewController.xib; sourceTree = "<group>"; };
		93DC6D2B25DBE9C1001DE95A /* AlbumList.app */ = {isa = PBXFileReference; explicitFileType = wrapper.application; includeInIndex = 0; path = AlbumList.app; sourceTree = BUILT_PRODUCTS_DIR; };
		93DC6D2E25DBE9C1001DE95A /* AppDelegate.swift */ = {isa = PBXFileReference; lastKnownFileType = sourcecode.swift; path = AppDelegate.swift; sourceTree = "<group>"; };
		93DC6D3425DBE9C8001DE95A /* Assets.xcassets */ = {isa = PBXFileReference; lastKnownFileType = folder.assetcatalog; path = Assets.xcassets; sourceTree = "<group>"; };
		93DC6D3A25DBE9C8001DE95A /* Base */ = {isa = PBXFileReference; lastKnownFileType = file.storyboard; name = Base; path = Base.lproj/LaunchScreen.storyboard; sourceTree = "<group>"; };
		93DC6D3C25DBE9C8001DE95A /* Info.plist */ = {isa = PBXFileReference; lastKnownFileType = text.plist.xml; path = Info.plist; sourceTree = "<group>"; };
		93DC6D4125DBE9C8001DE95A /* AlbumListTests.xctest */ = {isa = PBXFileReference; explicitFileType = wrapper.cfbundle; includeInIndex = 0; path = AlbumListTests.xctest; sourceTree = BUILT_PRODUCTS_DIR; };
		93DC6D4525DBE9C8001DE95A /* AlbumListTests.swift */ = {isa = PBXFileReference; lastKnownFileType = sourcecode.swift; path = AlbumListTests.swift; sourceTree = "<group>"; };
		93DC6D4725DBE9C8001DE95A /* Info.plist */ = {isa = PBXFileReference; lastKnownFileType = text.plist.xml; path = Info.plist; sourceTree = "<group>"; };
		93DC6D4C25DBE9C8001DE95A /* AlbumListUITests.xctest */ = {isa = PBXFileReference; explicitFileType = wrapper.cfbundle; includeInIndex = 0; path = AlbumListUITests.xctest; sourceTree = BUILT_PRODUCTS_DIR; };
		93DC6D5025DBE9C8001DE95A /* AlbumListUITests.swift */ = {isa = PBXFileReference; lastKnownFileType = sourcecode.swift; path = AlbumListUITests.swift; sourceTree = "<group>"; };
		93DC6D5225DBE9C8001DE95A /* Info.plist */ = {isa = PBXFileReference; lastKnownFileType = text.plist.xml; path = Info.plist; sourceTree = "<group>"; };
		93DC6D5E25DBEBD7001DE95A /* MainViewController.swift */ = {isa = PBXFileReference; lastKnownFileType = sourcecode.swift; path = MainViewController.swift; sourceTree = "<group>"; };
		93DC6D6025DBEBEA001DE95A /* MainViewController.xib */ = {isa = PBXFileReference; lastKnownFileType = file.xib; path = MainViewController.xib; sourceTree = "<group>"; };
		93DC6D6225DBEECE001DE95A /* source.txt */ = {isa = PBXFileReference; fileEncoding = 4; lastKnownFileType = text; path = source.txt; sourceTree = "<group>"; };
		93DC6D6425DBF12E001DE95A /* Album.swift */ = {isa = PBXFileReference; lastKnownFileType = sourcecode.swift; path = Album.swift; sourceTree = "<group>"; };
		93DC6D6625DBF3BE001DE95A /* UserDefaultsBookmark.swift */ = {isa = PBXFileReference; lastKnownFileType = sourcecode.swift; path = UserDefaultsBookmark.swift; sourceTree = "<group>"; };
		93DC6D6D25DC04BB001DE95A /* ListTableViewCell.swift */ = {isa = PBXFileReference; lastKnownFileType = sourcecode.swift; path = ListTableViewCell.swift; sourceTree = "<group>"; };
		93DC6D6F25DC04CA001DE95A /* ListTableViewCell.xib */ = {isa = PBXFileReference; lastKnownFileType = file.xib; path = ListTableViewCell.xib; sourceTree = "<group>"; };
		93DC6D7225DC0E98001DE95A /* DetailViewController.xib */ = {isa = PBXFileReference; lastKnownFileType = file.xib; path = DetailViewController.xib; sourceTree = "<group>"; };
		93DC6D7425DC10BC001DE95A /* DetailViewController.swift */ = {isa = PBXFileReference; lastKnownFileType = sourcecode.swift; path = DetailViewController.swift; sourceTree = "<group>"; };
/* End PBXFileReference section */

/* Begin PBXFrameworksBuildPhase section */
		93DC6D2825DBE9C1001DE95A /* Frameworks */ = {
			isa = PBXFrameworksBuildPhase;
			buildActionMask = 2147483647;
			files = (
			);
			runOnlyForDeploymentPostprocessing = 0;
		};
		93DC6D3E25DBE9C8001DE95A /* Frameworks */ = {
			isa = PBXFrameworksBuildPhase;
			buildActionMask = 2147483647;
			files = (
			);
			runOnlyForDeploymentPostprocessing = 0;
		};
		93DC6D4925DBE9C8001DE95A /* Frameworks */ = {
			isa = PBXFrameworksBuildPhase;
			buildActionMask = 2147483647;
			files = (
			);
			runOnlyForDeploymentPostprocessing = 0;
		};
/* End PBXFrameworksBuildPhase section */

/* Begin PBXGroup section */
		93A2576F25DC2A8F00A1800D /* Bookmark */ = {
			isa = PBXGroup;
			children = (
				93A2577025DC2AAC00A1800D /* BookmarkViewController.swift */,
				93A2577225DC2B8400A1800D /* BookmarkViewController.xib */,
			);
			path = Bookmark;
			sourceTree = "<group>";
		};
		93A2577425DC2BCE00A1800D /* Utility */ = {
			isa = PBXGroup;
			children = (
				93DC6D6825DC0437001DE95A /* UserDefaults */,
				93DC6D6B25DC0476001DE95A /* Cell */,
			);
			path = Utility;
			sourceTree = "<group>";
		};
		93DC6D2225DBE9C1001DE95A = {
			isa = PBXGroup;
			children = (
				93DC6D2D25DBE9C1001DE95A /* AlbumList */,
				93DC6D4425DBE9C8001DE95A /* AlbumListTests */,
				93DC6D4F25DBE9C8001DE95A /* AlbumListUITests */,
				93DC6D2C25DBE9C1001DE95A /* Products */,
			);
			sourceTree = "<group>";
		};
		93DC6D2C25DBE9C1001DE95A /* Products */ = {
			isa = PBXGroup;
			children = (
				93DC6D2B25DBE9C1001DE95A /* AlbumList.app */,
				93DC6D4125DBE9C8001DE95A /* AlbumListTests.xctest */,
				93DC6D4C25DBE9C8001DE95A /* AlbumListUITests.xctest */,
			);
			name = Products;
			sourceTree = "<group>";
		};
		93DC6D2D25DBE9C1001DE95A /* AlbumList */ = {
			isa = PBXGroup;
			children = (
				93DC6D2E25DBE9C1001DE95A /* AppDelegate.swift */,
				93DC6D3425DBE9C8001DE95A /* Assets.xcassets */,
				93DC6D3925DBE9C8001DE95A /* LaunchScreen.storyboard */,
				93DC6D3C25DBE9C8001DE95A /* Info.plist */,
				93A2577425DC2BCE00A1800D /* Utility */,
				93DC6D6A25DC0457001DE95A /* View */,
				93DC6D6925DC0447001DE95A /* Model */,
				93DC6D6225DBEECE001DE95A /* source.txt */,
			);
			path = AlbumList;
			sourceTree = "<group>";
		};
		93DC6D4425DBE9C8001DE95A /* AlbumListTests */ = {
			isa = PBXGroup;
			children = (
				93DC6D4525DBE9C8001DE95A /* AlbumListTests.swift */,
				93DC6D4725DBE9C8001DE95A /* Info.plist */,
			);
			path = AlbumListTests;
			sourceTree = "<group>";
		};
		93DC6D4F25DBE9C8001DE95A /* AlbumListUITests */ = {
			isa = PBXGroup;
			children = (
				93DC6D5025DBE9C8001DE95A /* AlbumListUITests.swift */,
				93DC6D5225DBE9C8001DE95A /* Info.plist */,
			);
			path = AlbumListUITests;
			sourceTree = "<group>";
		};
		93DC6D6825DC0437001DE95A /* UserDefaults */ = {
			isa = PBXGroup;
			children = (
				93DC6D6625DBF3BE001DE95A /* UserDefaultsBookmark.swift */,
			);
			path = UserDefaults;
			sourceTree = "<group>";
		};
		93DC6D6925DC0447001DE95A /* Model */ = {
			isa = PBXGroup;
			children = (
				93DC6D6425DBF12E001DE95A /* Album.swift */,
			);
			path = Model;
			sourceTree = "<group>";
		};
		93DC6D6A25DC0457001DE95A /* View */ = {
			isa = PBXGroup;
			children = (
				93A2576F25DC2A8F00A1800D /* Bookmark */,
				93DC6D7125DC0D21001DE95A /* Detail */,
				93DC6D6C25DC0488001DE95A /* Main */,
			);
			path = View;
			sourceTree = "<group>";
		};
		93DC6D6B25DC0476001DE95A /* Cell */ = {
			isa = PBXGroup;
			children = (
				93DC6D6D25DC04BB001DE95A /* ListTableViewCell.swift */,
				93DC6D6F25DC04CA001DE95A /* ListTableViewCell.xib */,
			);
			path = Cell;
			sourceTree = "<group>";
		};
		93DC6D6C25DC0488001DE95A /* Main */ = {
			isa = PBXGroup;
			children = (
				93DC6D5E25DBEBD7001DE95A /* MainViewController.swift */,
				93DC6D6025DBEBEA001DE95A /* MainViewController.xib */,
			);
			path = Main;
			sourceTree = "<group>";
		};
		93DC6D7125DC0D21001DE95A /* Detail */ = {
			isa = PBXGroup;
			children = (
				93DC6D7425DC10BC001DE95A /* DetailViewController.swift */,
				93DC6D7225DC0E98001DE95A /* DetailViewController.xib */,
			);
			path = Detail;
			sourceTree = "<group>";
		};
/* End PBXGroup section */

/* Begin PBXNativeTarget section */
		93DC6D2A25DBE9C1001DE95A /* AlbumList */ = {
			isa = PBXNativeTarget;
			buildConfigurationList = 93DC6D5525DBE9C8001DE95A /* Build configuration list for PBXNativeTarget "AlbumList" */;
			buildPhases = (
				93DC6D2725DBE9C1001DE95A /* Sources */,
				93DC6D2825DBE9C1001DE95A /* Frameworks */,
				93DC6D2925DBE9C1001DE95A /* Resources */,
			);
			buildRules = (
			);
			dependencies = (
			);
			name = AlbumList;
			productName = AlbumList;
			productReference = 93DC6D2B25DBE9C1001DE95A /* AlbumList.app */;
			productType = "com.apple.product-type.application";
		};
		93DC6D4025DBE9C8001DE95A /* AlbumListTests */ = {
			isa = PBXNativeTarget;
			buildConfigurationList = 93DC6D5825DBE9C8001DE95A /* Build configuration list for PBXNativeTarget "AlbumListTests" */;
			buildPhases = (
				93DC6D3D25DBE9C8001DE95A /* Sources */,
				93DC6D3E25DBE9C8001DE95A /* Frameworks */,
				93DC6D3F25DBE9C8001DE95A /* Resources */,
			);
			buildRules = (
			);
			dependencies = (
				93DC6D4325DBE9C8001DE95A /* PBXTargetDependency */,
			);
			name = AlbumListTests;
			productName = AlbumListTests;
			productReference = 93DC6D4125DBE9C8001DE95A /* AlbumListTests.xctest */;
			productType = "com.apple.product-type.bundle.unit-test";
		};
		93DC6D4B25DBE9C8001DE95A /* AlbumListUITests */ = {
			isa = PBXNativeTarget;
			buildConfigurationList = 93DC6D5B25DBE9C8001DE95A /* Build configuration list for PBXNativeTarget "AlbumListUITests" */;
			buildPhases = (
				93DC6D4825DBE9C8001DE95A /* Sources */,
				93DC6D4925DBE9C8001DE95A /* Frameworks */,
				93DC6D4A25DBE9C8001DE95A /* Resources */,
			);
			buildRules = (
			);
			dependencies = (
				93DC6D4E25DBE9C8001DE95A /* PBXTargetDependency */,
			);
			name = AlbumListUITests;
			productName = AlbumListUITests;
			productReference = 93DC6D4C25DBE9C8001DE95A /* AlbumListUITests.xctest */;
			productType = "com.apple.product-type.bundle.ui-testing";
		};
/* End PBXNativeTarget section */

/* Begin PBXProject section */
		93DC6D2325DBE9C1001DE95A /* Project object */ = {
			isa = PBXProject;
			attributes = {
				LastSwiftUpdateCheck = 1140;
				LastUpgradeCheck = 1140;
				ORGANIZATIONNAME = "Joanne Cheng";
				TargetAttributes = {
					93DC6D2A25DBE9C1001DE95A = {
						CreatedOnToolsVersion = 11.4.1;
					};
					93DC6D4025DBE9C8001DE95A = {
						CreatedOnToolsVersion = 11.4.1;
						TestTargetID = 93DC6D2A25DBE9C1001DE95A;
					};
					93DC6D4B25DBE9C8001DE95A = {
						CreatedOnToolsVersion = 11.4.1;
						TestTargetID = 93DC6D2A25DBE9C1001DE95A;
					};
				};
			};
			buildConfigurationList = 93DC6D2625DBE9C1001DE95A /* Build configuration list for PBXProject "AlbumList" */;
			compatibilityVersion = "Xcode 9.3";
			developmentRegion = en;
			hasScannedForEncodings = 0;
			knownRegions = (
				en,
				Base,
			);
			mainGroup = 93DC6D2225DBE9C1001DE95A;
			productRefGroup = 93DC6D2C25DBE9C1001DE95A /* Products */;
			projectDirPath = "";
			projectRoot = "";
			targets = (
				93DC6D2A25DBE9C1001DE95A /* AlbumList */,
				93DC6D4025DBE9C8001DE95A /* AlbumListTests */,
				93DC6D4B25DBE9C8001DE95A /* AlbumListUITests */,
			);
		};
/* End PBXProject section */

/* Begin PBXResourcesBuildPhase section */
		93DC6D2925DBE9C1001DE95A /* Resources */ = {
			isa = PBXResourcesBuildPhase;
			buildActionMask = 2147483647;
			files = (
				93DC6D6325DBEECE001DE95A /* source.txt in Resources */,
				93DC6D7325DC0E98001DE95A /* DetailViewController.xib in Resources */,
				93A2577325DC2B8400A1800D /* BookmarkViewController.xib in Resources */,
				93DC6D3B25DBE9C8001DE95A /* LaunchScreen.storyboard in Resources */,
				93DC6D6125DBEBEA001DE95A /* MainViewController.xib in Resources */,
				93DC6D3525DBE9C8001DE95A /* Assets.xcassets in Resources */,
				93DC6D7025DC04CA001DE95A /* ListTableViewCell.xib in Resources */,
			);
			runOnlyForDeploymentPostprocessing = 0;
		};
		93DC6D3F25DBE9C8001DE95A /* Resources */ = {
			isa = PBXResourcesBuildPhase;
			buildActionMask = 2147483647;
			files = (
			);
			runOnlyForDeploymentPostprocessing = 0;
		};
		93DC6D4A25DBE9C8001DE95A /* Resources */ = {
			isa = PBXResourcesBuildPhase;
			buildActionMask = 2147483647;
			files = (
			);
			runOnlyForDeploymentPostprocessing = 0;
		};
/* End PBXResourcesBuildPhase section */

/* Begin PBXSourcesBuildPhase section */
		93DC6D2725DBE9C1001DE95A /* Sources */ = {
			isa = PBXSourcesBuildPhase;
			buildActionMask = 2147483647;
			files = (
				93DC6D5F25DBEBD7001DE95A /* MainViewController.swift in Sources */,
				93DC6D2F25DBE9C1001DE95A /* AppDelegate.swift in Sources */,
				93DC6D6525DBF12E001DE95A /* Album.swift in Sources */,
				93A2577125DC2AAC00A1800D /* BookmarkViewController.swift in Sources */,
				93DC6D7525DC10BC001DE95A /* DetailViewController.swift in Sources */,
				93DC6D6725DBF3BE001DE95A /* UserDefaultsBookmark.swift in Sources */,
				93DC6D6E25DC04BB001DE95A /* ListTableViewCell.swift in Sources */,
			);
			runOnlyForDeploymentPostprocessing = 0;
		};
		93DC6D3D25DBE9C8001DE95A /* Sources */ = {
			isa = PBXSourcesBuildPhase;
			buildActionMask = 2147483647;
			files = (
				93DC6D4625DBE9C8001DE95A /* AlbumListTests.swift in Sources */,
			);
			runOnlyForDeploymentPostprocessing = 0;
		};
		93DC6D4825DBE9C8001DE95A /* Sources */ = {
			isa = PBXSourcesBuildPhase;
			buildActionMask = 2147483647;
			files = (
				93DC6D5125DBE9C8001DE95A /* AlbumListUITests.swift in Sources */,
			);
			runOnlyForDeploymentPostprocessing = 0;
		};
/* End PBXSourcesBuildPhase section */

/* Begin PBXTargetDependency section */
		93DC6D4325DBE9C8001DE95A /* PBXTargetDependency */ = {
			isa = PBXTargetDependency;
			target = 93DC6D2A25DBE9C1001DE95A /* AlbumList */;
			targetProxy = 93DC6D4225DBE9C8001DE95A /* PBXContainerItemProxy */;
		};
		93DC6D4E25DBE9C8001DE95A /* PBXTargetDependency */ = {
			isa = PBXTargetDependency;
			target = 93DC6D2A25DBE9C1001DE95A /* AlbumList */;
			targetProxy = 93DC6D4D25DBE9C8001DE95A /* PBXContainerItemProxy */;
		};
/* End PBXTargetDependency section */

/* Begin PBXVariantGroup section */
		93DC6D3925DBE9C8001DE95A /* LaunchScreen.storyboard */ = {
			isa = PBXVariantGroup;
			children = (
				93DC6D3A25DBE9C8001DE95A /* Base */,
			);
			name = LaunchScreen.storyboard;
			sourceTree = "<group>";
		};
/* End PBXVariantGroup section */

/* Begin XCBuildConfiguration section */
		93DC6D5325DBE9C8001DE95A /* Debug */ = {
			isa = XCBuildConfiguration;
			buildSettings = {
				ALWAYS_SEARCH_USER_PATHS = NO;
				CLANG_ANALYZER_NONNULL = YES;
				CLANG_ANALYZER_NUMBER_OBJECT_CONVERSION = YES_AGGRESSIVE;
				CLANG_CXX_LANGUAGE_STANDARD = "gnu++14";
				CLANG_CXX_LIBRARY = "libc++";
				CLANG_ENABLE_MODULES = YES;
				CLANG_ENABLE_OBJC_ARC = YES;
				CLANG_ENABLE_OBJC_WEAK = YES;
				CLANG_WARN_BLOCK_CAPTURE_AUTORELEASING = YES;
				CLANG_WARN_BOOL_CONVERSION = YES;
				CLANG_WARN_COMMA = YES;
				CLANG_WARN_CONSTANT_CONVERSION = YES;
				CLANG_WARN_DEPRECATED_OBJC_IMPLEMENTATIONS = YES;
				CLANG_WARN_DIRECT_OBJC_ISA_USAGE = YES_ERROR;
				CLANG_WARN_DOCUMENTATION_COMMENTS = YES;
				CLANG_WARN_EMPTY_BODY = YES;
				CLANG_WARN_ENUM_CONVERSION = YES;
				CLANG_WARN_INFINITE_RECURSION = YES;
				CLANG_WARN_INT_CONVERSION = YES;
				CLANG_WARN_NON_LITERAL_NULL_CONVERSION = YES;
				CLANG_WARN_OBJC_IMPLICIT_RETAIN_SELF = YES;
				CLANG_WARN_OBJC_LITERAL_CONVERSION = YES;
				CLANG_WARN_OBJC_ROOT_CLASS = YES_ERROR;
				CLANG_WARN_RANGE_LOOP_ANALYSIS = YES;
				CLANG_WARN_STRICT_PROTOTYPES = YES;
				CLANG_WARN_SUSPICIOUS_MOVE = YES;
				CLANG_WARN_UNGUARDED_AVAILABILITY = YES_AGGRESSIVE;
				CLANG_WARN_UNREACHABLE_CODE = YES;
				CLANG_WARN__DUPLICATE_METHOD_MATCH = YES;
				COPY_PHASE_STRIP = NO;
				DEBUG_INFORMATION_FORMAT = dwarf;
				ENABLE_STRICT_OBJC_MSGSEND = YES;
				ENABLE_TESTABILITY = YES;
				GCC_C_LANGUAGE_STANDARD = gnu11;
				GCC_DYNAMIC_NO_PIC = NO;
				GCC_NO_COMMON_BLOCKS = YES;
				GCC_OPTIMIZATION_LEVEL = 0;
				GCC_PREPROCESSOR_DEFINITIONS = (
					"DEBUG=1",
					"$(inherited)",
				);
				GCC_WARN_64_TO_32_BIT_CONVERSION = YES;
				GCC_WARN_ABOUT_RETURN_TYPE = YES_ERROR;
				GCC_WARN_UNDECLARED_SELECTOR = YES;
				GCC_WARN_UNINITIALIZED_AUTOS = YES_AGGRESSIVE;
				GCC_WARN_UNUSED_FUNCTION = YES;
				GCC_WARN_UNUSED_VARIABLE = YES;
				IPHONEOS_DEPLOYMENT_TARGET = 13.4;
				MTL_ENABLE_DEBUG_INFO = INCLUDE_SOURCE;
				MTL_FAST_MATH = YES;
				ONLY_ACTIVE_ARCH = YES;
				SDKROOT = iphoneos;
				SWIFT_ACTIVE_COMPILATION_CONDITIONS = DEBUG;
				SWIFT_OPTIMIZATION_LEVEL = "-Onone";
			};
			name = Debug;
		};
		93DC6D5425DBE9C8001DE95A /* Release */ = {
			isa = XCBuildConfiguration;
			buildSettings = {
				ALWAYS_SEARCH_USER_PATHS = NO;
				CLANG_ANALYZER_NONNULL = YES;
				CLANG_ANALYZER_NUMBER_OBJECT_CONVERSION = YES_AGGRESSIVE;
				CLANG_CXX_LANGUAGE_STANDARD = "gnu++14";
				CLANG_CXX_LIBRARY = "libc++";
				CLANG_ENABLE_MODULES = YES;
				CLANG_ENABLE_OBJC_ARC = YES;
				CLANG_ENABLE_OBJC_WEAK = YES;
				CLANG_WARN_BLOCK_CAPTURE_AUTORELEASING = YES;
				CLANG_WARN_BOOL_CONVERSION = YES;
				CLANG_WARN_COMMA = YES;
				CLANG_WARN_CONSTANT_CONVERSION = YES;
				CLANG_WARN_DEPRECATED_OBJC_IMPLEMENTATIONS = YES;
				CLANG_WARN_DIRECT_OBJC_ISA_USAGE = YES_ERROR;
				CLANG_WARN_DOCUMENTATION_COMMENTS = YES;
				CLANG_WARN_EMPTY_BODY = YES;
				CLANG_WARN_ENUM_CONVERSION = YES;
				CLANG_WARN_INFINITE_RECURSION = YES;
				CLANG_WARN_INT_CONVERSION = YES;
				CLANG_WARN_NON_LITERAL_NULL_CONVERSION = YES;
				CLANG_WARN_OBJC_IMPLICIT_RETAIN_SELF = YES;
				CLANG_WARN_OBJC_LITERAL_CONVERSION = YES;
				CLANG_WARN_OBJC_ROOT_CLASS = YES_ERROR;
				CLANG_WARN_RANGE_LOOP_ANALYSIS = YES;
				CLANG_WARN_STRICT_PROTOTYPES = YES;
				CLANG_WARN_SUSPICIOUS_MOVE = YES;
				CLANG_WARN_UNGUARDED_AVAILABILITY = YES_AGGRESSIVE;
				CLANG_WARN_UNREACHABLE_CODE = YES;
				CLANG_WARN__DUPLICATE_METHOD_MATCH = YES;
				COPY_PHASE_STRIP = NO;
				DEBUG_INFORMATION_FORMAT = "dwarf-with-dsym";
				ENABLE_NS_ASSERTIONS = NO;
				ENABLE_STRICT_OBJC_MSGSEND = YES;
				GCC_C_LANGUAGE_STANDARD = gnu11;
				GCC_NO_COMMON_BLOCKS = YES;
				GCC_WARN_64_TO_32_BIT_CONVERSION = YES;
				GCC_WARN_ABOUT_RETURN_TYPE = YES_ERROR;
				GCC_WARN_UNDECLARED_SELECTOR = YES;
				GCC_WARN_UNINITIALIZED_AUTOS = YES_AGGRESSIVE;
				GCC_WARN_UNUSED_FUNCTION = YES;
				GCC_WARN_UNUSED_VARIABLE = YES;
				IPHONEOS_DEPLOYMENT_TARGET = 13.4;
				MTL_ENABLE_DEBUG_INFO = NO;
				MTL_FAST_MATH = YES;
				SDKROOT = iphoneos;
				SWIFT_COMPILATION_MODE = wholemodule;
				SWIFT_OPTIMIZATION_LEVEL = "-O";
				VALIDATE_PRODUCT = YES;
			};
			name = Release;
		};
		93DC6D5625DBE9C8001DE95A /* Debug */ = {
			isa = XCBuildConfiguration;
			buildSettings = {
				ASSETCATALOG_COMPILER_APPICON_NAME = AppIcon;
				CODE_SIGN_STYLE = Automatic;
				DEVELOPMENT_ASSET_PATHS = "\"AlbumList/Preview Content\"";
				DEVELOPMENT_TEAM = A2695S8T53;
				ENABLE_PREVIEWS = YES;
				INFOPLIST_FILE = AlbumList/Info.plist;
				LD_RUNPATH_SEARCH_PATHS = (
					"$(inherited)",
					"@executable_path/Frameworks",
				);
				PRODUCT_BUNDLE_IDENTIFIER = com.ckyjoa.AlbumList;
				PRODUCT_NAME = "$(TARGET_NAME)";
				SWIFT_VERSION = 5.0;
				TARGETED_DEVICE_FAMILY = "1,2";
			};
			name = Debug;
		};
		93DC6D5725DBE9C8001DE95A /* Release */ = {
			isa = XCBuildConfiguration;
			buildSettings = {
				ASSETCATALOG_COMPILER_APPICON_NAME = AppIcon;
				CODE_SIGN_STYLE = Automatic;
				DEVELOPMENT_ASSET_PATHS = "\"AlbumList/Preview Content\"";
				DEVELOPMENT_TEAM = A2695S8T53;
				ENABLE_PREVIEWS = YES;
				INFOPLIST_FILE = AlbumList/Info.plist;
				LD_RUNPATH_SEARCH_PATHS = (
					"$(inherited)",
					"@executable_path/Frameworks",
				);
				PRODUCT_BUNDLE_IDENTIFIER = com.ckyjoa.AlbumList;
				PRODUCT_NAME = "$(TARGET_NAME)";
				SWIFT_VERSION = 5.0;
				TARGETED_DEVICE_FAMILY = "1,2";
			};
			name = Release;
		};
		93DC6D5925DBE9C8001DE95A /* Debug */ = {
			isa = XCBuildConfiguration;
			buildSettings = {
				ALWAYS_EMBED_SWIFT_STANDARD_LIBRARIES = YES;
				BUNDLE_LOADER = "$(TEST_HOST)";
				CODE_SIGN_STYLE = Automatic;
				DEVELOPMENT_TEAM = A2695S8T53;
				INFOPLIST_FILE = AlbumListTests/Info.plist;
				IPHONEOS_DEPLOYMENT_TARGET = 13.4;
				LD_RUNPATH_SEARCH_PATHS = (
					"$(inherited)",
					"@executable_path/Frameworks",
					"@loader_path/Frameworks",
				);
				PRODUCT_BUNDLE_IDENTIFIER = com.ckyjoa.AlbumListTests;
				PRODUCT_NAME = "$(TARGET_NAME)";
				SWIFT_VERSION = 5.0;
				TARGETED_DEVICE_FAMILY = "1,2";
				TEST_HOST = "$(BUILT_PRODUCTS_DIR)/AlbumList.app/AlbumList";
			};
			name = Debug;
		};
		93DC6D5A25DBE9C8001DE95A /* Release */ = {
			isa = XCBuildConfiguration;
			buildSettings = {
				ALWAYS_EMBED_SWIFT_STANDARD_LIBRARIES = YES;
				BUNDLE_LOADER = "$(TEST_HOST)";
				CODE_SIGN_STYLE = Automatic;
				DEVELOPMENT_TEAM = A2695S8T53;
				INFOPLIST_FILE = AlbumListTests/Info.plist;
				IPHONEOS_DEPLOYMENT_TARGET = 13.4;
				LD_RUNPATH_SEARCH_PATHS = (
					"$(inherited)",
					"@executable_path/Frameworks",
					"@loader_path/Frameworks",
				);
				PRODUCT_BUNDLE_IDENTIFIER = com.ckyjoa.AlbumListTests;
				PRODUCT_NAME = "$(TARGET_NAME)";
				SWIFT_VERSION = 5.0;
				TARGETED_DEVICE_FAMILY = "1,2";
				TEST_HOST = "$(BUILT_PRODUCTS_DIR)/AlbumList.app/AlbumList";
			};
			name = Release;
		};
		93DC6D5C25DBE9C8001DE95A /* Debug */ = {
			isa = XCBuildConfiguration;
			buildSettings = {
				ALWAYS_EMBED_SWIFT_STANDARD_LIBRARIES = YES;
				CODE_SIGN_STYLE = Automatic;
				DEVELOPMENT_TEAM = A2695S8T53;
				INFOPLIST_FILE = AlbumListUITests/Info.plist;
				LD_RUNPATH_SEARCH_PATHS = (
					"$(inherited)",
					"@executable_path/Frameworks",
					"@loader_path/Frameworks",
				);
				PRODUCT_BUNDLE_IDENTIFIER = com.ckyjoa.AlbumListUITests;
				PRODUCT_NAME = "$(TARGET_NAME)";
				SWIFT_VERSION = 5.0;
				TARGETED_DEVICE_FAMILY = "1,2";
				TEST_TARGET_NAME = AlbumList;
			};
			name = Debug;
		};
		93DC6D5D25DBE9C8001DE95A /* Release */ = {
			isa = XCBuildConfiguration;
			buildSettings = {
				ALWAYS_EMBED_SWIFT_STANDARD_LIBRARIES = YES;
				CODE_SIGN_STYLE = Automatic;
				DEVELOPMENT_TEAM = A2695S8T53;
				INFOPLIST_FILE = AlbumListUITests/Info.plist;
				LD_RUNPATH_SEARCH_PATHS = (
					"$(inherited)",
					"@executable_path/Frameworks",
					"@loader_path/Frameworks",
				);
				PRODUCT_BUNDLE_IDENTIFIER = com.ckyjoa.AlbumListUITests;
				PRODUCT_NAME = "$(TARGET_NAME)";
				SWIFT_VERSION = 5.0;
				TARGETED_DEVICE_FAMILY = "1,2";
				TEST_TARGET_NAME = AlbumList;
			};
			name = Release;
		};
/* End XCBuildConfiguration section */

/* Begin XCConfigurationList section */
		93DC6D2625DBE9C1001DE95A /* Build configuration list for PBXProject "AlbumList" */ = {
			isa = XCConfigurationList;
			buildConfigurations = (
				93DC6D5325DBE9C8001DE95A /* Debug */,
				93DC6D5425DBE9C8001DE95A /* Release */,
			);
			defaultConfigurationIsVisible = 0;
			defaultConfigurationName = Release;
		};
		93DC6D5525DBE9C8001DE95A /* Build configuration list for PBXNativeTarget "AlbumList" */ = {
			isa = XCConfigurationList;
			buildConfigurations = (
				93DC6D5625DBE9C8001DE95A /* Debug */,
				93DC6D5725DBE9C8001DE95A /* Release */,
			);
			defaultConfigurationIsVisible = 0;
			defaultConfigurationName = Release;
		};
		93DC6D5825DBE9C8001DE95A /* Build configuration list for PBXNativeTarget "AlbumListTests" */ = {
			isa = XCConfigurationList;
			buildConfigurations = (
				93DC6D5925DBE9C8001DE95A /* Debug */,
				93DC6D5A25DBE9C8001DE95A /* Release */,
			);
			defaultConfigurationIsVisible = 0;
			defaultConfigurationName = Release;
		};
		93DC6D5B25DBE9C8001DE95A /* Build configuration list for PBXNativeTarget "AlbumListUITests" */ = {
			isa = XCConfigurationList;
			buildConfigurations = (
				93DC6D5C25DBE9C8001DE95A /* Debug */,
				93DC6D5D25DBE9C8001DE95A /* Release */,
			);
			defaultConfigurationIsVisible = 0;
			defaultConfigurationName = Release;
		};
/* End XCConfigurationList section */
	};
	rootObject = 93DC6D2325DBE9C1001DE95A /* Project object */;
}
